# THIS IS AN AUTOGENERATED FILE. DO NOT EDIT THIS FILE DIRECTLY.
# yarn lockfile v1


"@hono/node-server@^1.14.2":
  version "1.16.0"
  resolved "https://registry.yarnpkg.com/@hono/node-server/-/node-server-1.16.0.tgz#af261523c7943915a0d1d8f85285f2943090b44a"
  integrity sha512-9LwRb5XOrTFapOABiQjGC50wRVlzUvWZsDHINCnkBniP+Q+LQf4waN0nzk9t+2kqcTsnGnieSmqpHsr6kH2bdw==

"@hono/oauth-providers@0.8.0":
  version "0.8.0"
  resolved "https://registry.yarnpkg.com/@hono/oauth-providers/-/oauth-providers-0.8.0.tgz#fbc3300568e498663a434ced1024e8b4616417b8"
  integrity sha512-FGpx4NUMWEs0lre9NqBXahgK6AsoRCq8683b7ahHV0evHUIj5y/f7M1muGOoI3fn4xHkYI2a25I0i6uL/R1ktw==

cookie@0.6.0:
  version "0.6.0"
  resolved "https://registry.yarnpkg.com/cookie/-/cookie-0.6.0.tgz#2798b04b071b0ecbff0dbb62a505a8efa4e19051"
  integrity sha512-U71cyTamuh1CRNCfpGY6to28lxvNwPG4Guz/EVjgf3Jmzv0vlDp1atT9eS5dDjMYHucpHbWns6Lwf3BKz6svdw==

hono@^4.7.10:
  version "4.8.5"
  resolved "https://registry.yarnpkg.com/hono/-/hono-4.8.5.tgz#a3b7703649a86f608c148e9aa1ca9ea41266cf8e"
  integrity sha512-Up2cQbtNz1s111qpnnECdTGqSIUIhZJMLikdKkshebQSEBcoUKq6XJayLGqSZWidiH0zfHRCJqFu062Mz5UuRA==

iron-session@8.0.1:
  version "8.0.1"
  resolved "https://registry.yarnpkg.com/iron-session/-/iron-session-8.0.1.tgz#d36d70fac7e96952f126ba4ae09084f9a3410193"
  integrity sha512-ZQKazQRn/J5YaXY+CQ69V9lx9boh4swl+BgnNC1knxyZgBjhiXuGpY60URRntMPib9QdrsN9qAOTqdMFMbGYXg==
  dependencies:
    cookie "0.6.0"
    iron-webcrypto "1.0.0"
    uncrypto "0.1.3"

iron-webcrypto@1.0.0:
  version "1.0.0"
  resolved "https://registry.yarnpkg.com/iron-webcrypto/-/iron-webcrypto-1.0.0.tgz#e3b689c0c61b434a0a4cb82d0aeabbc8b672a867"
  integrity sha512-anOK1Mktt8U1Xi7fCM3RELTuYbnFikQY5VtrDj7kPgpejV7d43tWKhzgioO0zpkazLEL/j/iayRqnJhrGfqUsg==

uncrypto@0.1.3:
  version "0.1.3"
  resolved "https://registry.yarnpkg.com/uncrypto/-/uncrypto-0.1.3.tgz#e1288d609226f2d02d8d69ee861fa20d8348ef2b"
  integrity sha512-Ql87qFHB3s/De2ClA9e0gsnS6zXG27SkTiSJwjCc9MebbfapQfuPzumMIUMi38ezPZVNFcHI9sUIepeQfw8J8Q==
